Microsoft Visual Studio Solution File, Format Version 12.00
# Visual Studio Version 17
VisualStudioVersion = 17.5.2.0
MinimumVisualStudioVersion = 10.0.40219.1
Project("{FAE04EC0-301F-11D3-BF4B-00C04F79EFBC}") = "CSHARP_GENERICS_AND_COLLECTIONS", "CSHARP_GENERICS_AND_COLLECTIONS.csproj", "{B730A7DB-CFCB-E3F5-F451-709FC2EECA1A}"
EndProject
Project("{FAE04EC0-301F-11D3-BF4B-00C04F79EFBC}") = "generics", "generics\generics.csproj", "{C16099E9-FDEE-9687-6953-03259CE8B899}"
EndProject
Global
	GlobalSection(SolutionConfigurationPlatforms) = preSolution
		Debug|Any CPU = Debug|Any CPU
		Release|Any CPU = Release|Any CPU
	EndGlobalSection
	GlobalSection(ProjectConfigurationPlatforms) = postSolution
		{B730A7DB-CFCB-E3F5-F451-709FC2EECA1A}.Debug|Any CPU.ActiveCfg = Debug|Any CPU
		{B730A7DB-CFCB-E3F5-F451-709FC2EECA1A}.Debug|Any CPU.Build.0 = Debug|Any CPU
		{B730A7DB-CFCB-E3F5-F451-709FC2EECA1A}.Release|Any CPU.ActiveCfg = Release|Any CPU
		{B730A7DB-CFCB-E3F5-F451-709FC2EECA1A}.Release|Any CPU.Build.0 = Release|Any CPU
		{C16099E9-FDEE-9687-6953-03259CE8B899}.Debug|Any CPU.ActiveCfg = Debug|Any CPU
		{C16099E9-FDEE-9687-6953-03259CE8B899}.Debug|Any CPU.Build.0 = Debug|Any CPU
		{C16099E9-FDEE-9687-6953-03259CE8B899}.Release|Any CPU.ActiveCfg = Release|Any CPU
		{C16099E9-FDEE-9687-6953-03259CE8B899}.Release|Any CPU.Build.0 = Release|Any CPU
	EndGlobalSection
	GlobalSection(SolutionProperties) = preSolution
		HideSolutionNode = FALSE
	EndGlobalSection
	GlobalSection(ExtensibilityGlobals) = postSolution
		SolutionGuid = {76605659-CC5A-4A3B-A5EA-CC87B66CB31B}
	EndGlobalSection
EndGlobal
